# This file is generated by running "yarn install" inside your project.
# Manual changes might be lost - proceed with caution!

__metadata:
  version: 8
  cacheKey: 10c0

"antlr4@npm:^4.13.2":
  version: 4.13.2
  resolution: "antlr4@npm:4.13.2"
  checksum: 10c0/dfe7dcb24fe99ce103e1eac3ce30558a3df713cf5deeacd7e30686f5cca8206864e49b254af3bd5eff5904d31e5cd7902a7468c13dcb619da10caf3f703d03b4
  languageName: node
  linkType: hard

"canopus-dsl@workspace:.":
  version: 0.0.0-use.local
  resolution: "canopus-dsl@workspace:."
  dependencies:
    antlr4: "npm:^4.13.2"
  languageName: unknown
  linkType: soft
